{
  "name": "media_aggregator",
  "lockfileVersion": 3,
  "requires": true,
  "packages": {
    "": {
      "dependencies": {
        "alpinejs": "^3.15.4",
        "htmx": "^0.0.2"
      }
    },
    "node_modules/@vue/reactivity": {
      "version": "3.1.5",
      "resolved": "https://registry.npmjs.org/@vue/reactivity/-/reactivity-3.1.5.tgz",
      "integrity": "sha512-1tdfLmNjWG6t/CsPldh+foumYFo3cpyCHgBYQ34ylaMsJ+SNHQ1kApMIa8jN+i593zQuaw3AdWH0nJTARzCFhg==",
      "license": "MIT",
      "dependencies": {
        "@vue/shared": "3.1.5"
      }
    },
    "node_modules/@vue/shared": {
      "version": "3.1.5",
      "resolved": "https://registry.npmjs.org/@vue/shared/-/shared-3.1.5.tgz",
      "integrity": "sha512-oJ4F3TnvpXaQwZJNF3ZK+kLPHKarDmJjJ6jyzVNDKH9md1dptjC7lWR//jrGuLdek/U6iltWxqAnYOu8gCiOvA==",
      "license": "MIT"
    },
    "node_modules/alpinejs": {
      "version": "3.15.4",
      "resolved": "https://registry.npmjs.org/alpinejs/-/alpinejs-3.15.4.tgz",
      "integrity": "sha512-lDpOdoVo0bhFjgl310k1qw3kbpUYwM/v0WByvAchsO93bl3o1rrgr0P/ssx3CimwEtNfXbmwKbtHbqTRCTTH9g==",
      "license": "MIT",
      "dependencies": {
        "@vue/reactivity": "~3.1.1"
      }
    },
    "node_modules/htmx": {
      "version": "0.0.2",
      "resolved": "https://registry.npmjs.org/htmx/-/htmx-0.0.2.tgz",
      "integrity": "sha512-FfUo3ynRYr6Ra4vqmS4Nq9g47607FSmvHYCOuU8bvbW8s4kPMhAmCbMBjuW2cEZI6DauaFNZKinfgV91cc9Feg==",
      "license": "MIT",
      "bin": {
        "htmx": "htmx.js"
      }
    }
  }
}
